{
  "name": "shared-test-helpers",
  "lockfileVersion": 3,
  "requires": true,
  "packages": {
    "": {
      "name": "shared-test-helpers",
      "devDependencies": {
        "typescript": "^6.0.3",
        "yaml": "^2.7.0"
      }
    },
    "node_modules/typescript": {
      "version": "6.0.3",
      "resolved": "https://nexus-w.jlcops.com/repository/group-npm/typescript/-/typescript-6.0.3.tgz",
      "integrity": "sha512-y2TvuxSZPDyQakkFRPZHKFm+KKVqIisdg9/CZwm9ftvKXLP8NRWj38/ODjNbr43SsoXqNuAisEf1GdCxqWcdBw==",
      "dev": true,
      "license": "Apache-2.0",
      "bin": {
        "tsc": "bin/tsc",
        "tsserver": "bin/tsserver"
      },
      "engines": {
        "node": ">=14.17"
      }
    },
    "node_modules/yaml": {
      "version": "2.9.0",
      "resolved": "https://nexus-w.jlcops.com/repository/group-npm/yaml/-/yaml-2.9.0.tgz",
      "integrity": "sha512-2AvhNX3mb8zd6Zy7INTtSpl1F15HW6Wnqj0srWlkKLcpYl/gMIMJiyuGq2KeI2YFxUPjdlB+3Lc10seMLtL4cA==",
      "dev": true,
      "license": "ISC",
      "bin": {
        "yaml": "bin.mjs"
      },
      "engines": {
        "node": ">= 14.6"
      },
      "funding": {
        "url": "https://github.com/sponsors/eemeli"
      }
    }
  }
}
